<?xml version="1.0" encoding="utf-8"?>
<Project ToolsVersion="4.0" xmlns="http://schemas.microsoft.com/developer/msbuild/2003">
  <ItemGroup>
    <Filter Include="Source Files">
      <UniqueIdentifier>{4FC737F1-C7A5-4376-A066-2A32D752A2FF}</UniqueIdentifier>
      <Extensions>cpp;c;cc;cxx;def;odl;idl;hpj;bat;asm;asmx</Extensions>
    </Filter>
    <Filter Include="Header Files">
      <UniqueIdentifier>{93995380-89BD-4b04-88EB-625FBE52EBFB}</UniqueIdentifier>
      <Extensions>h;hh;hpp;hxx;hm;inl;inc;xsd</Extensions>
    </Filter>
    <Filter Include="Resource Files">
      <UniqueIdentifier>{67DA6AB6-F800-4c08-8B7A-83BB121AAD01}</UniqueIdentifier>
      <Extensions>rc;ico;cur;bmp;dlg;rc2;rct;bin;rgs;gif;jpg;jpeg;jpe;resx;tiff;tif;png;wav;mfcribbon-ms</Extensions>
    </Filter>
  </ItemGroup>
  <ItemGroup>
    <ClCompile Include="main.cpp">
      <Filter>Source Files</Filter>
    </ClCompile>
    <ClCompile Include="Tutorials\Network.cpp">
      <Filter>Source Files</Filter>
    </ClCompile>
    <ClCompile Include="LDPC\Test.cpp">
      <Filter>Source Files</Filter>
    </ClCompile>
    <ClCompile Include="LDPC\rank.cpp">
      <Filter>Source Files</Filter>
    </ClCompile>
    <ClCompile Include="LDPC\Graph.cpp">
      <Filter>Source Files</Filter>
    </ClCompile>
    <ClCompile Include="LDPC\LdpcDecoder.cpp">
      <Filter>Source Files</Filter>
    </ClCompile>
    <ClCompile Include="LDPC\LdpcEncoder.cpp">
      <Filter>Source Files</Filter>
    </ClCompile>
    <ClCompile Include="LDPC\Mtx.cpp">
      <Filter>Source Files</Filter>
    </ClCompile>
    <ClCompile Include="LDPC\LdpcSampler.cpp">
      <Filter>Source Files</Filter>
    </ClCompile>
    <ClCompile Include="LDPC\LDPC_decoder.cpp">
      <Filter>Source Files</Filter>
    </ClCompile>
    <ClCompile Include="LDPC\LDPC_encoder.cpp">
      <Filter>Source Files</Filter>
    </ClCompile>
    <ClCompile Include="LDPC\LDPC_generator.cpp">
      <Filter>Source Files</Filter>
    </ClCompile>
  </ItemGroup>
  <ItemGroup>
    <ClInclude Include="Tutorials\Network.h">
      <Filter>Header Files</Filter>
    </ClInclude>
    <ClInclude Include="LDPC\Test.h">
      <Filter>Header Files</Filter>
    </ClInclude>
    <ClInclude Include="LDPC\libdivide.h">
      <Filter>Header Files</Filter>
    </ClInclude>
    <ClInclude Include="LDPC\rank.h">
      <Filter>Header Files</Filter>
    </ClInclude>
    <ClInclude Include="LDPC\Graph.h">
      <Filter>Header Files</Filter>
    </ClInclude>
    <ClInclude Include="LDPC\LdpcDecoder.h">
      <Filter>Header Files</Filter>
    </ClInclude>
    <ClInclude Include="LDPC\LdpcEncoder.h">
      <Filter>Header Files</Filter>
    </ClInclude>
    <ClInclude Include="LDPC\Mtx.h">
      <Filter>Header Files</Filter>
    </ClInclude>
    <ClInclude Include="LDPC\LdpcSampler.h">
      <Filter>Header Files</Filter>
    </ClInclude>
    <ClInclude Include="LDPC\LDPC_encoder.h">
      <Filter>Header Files</Filter>
    </ClInclude>
    <ClInclude Include="LDPC\simple_bitarray.h">
      <Filter>Header Files</Filter>
    </ClInclude>
    <ClInclude Include="LDPC\LDPC_decoder.h">
      <Filter>Header Files</Filter>
    </ClInclude>
    <ClInclude Include="LDPC\LDPC_generator.h">
      <Filter>Header Files</Filter>
    </ClInclude>
  </ItemGroup>
</Project>