<?xml version="1.0" encoding="utf-8"?>
<Project ToolsVersion="4.0" xmlns="http://schemas.microsoft.com/developer/msbuild/2003">
  <ItemGroup>
    <Filter Include="Source Files">
      <UniqueIdentifier>{4FC737F1-C7A5-4376-A066-2A32D752A2FF}</UniqueIdentifier>
      <Extensions>cpp;c;cc;cxx;def;odl;idl;hpj;bat;asm;asmx</Extensions>
    </Filter>
    <Filter Include="Header Files">
      <UniqueIdentifier>{93995380-89BD-4b04-88EB-625FBE52EBFB}</UniqueIdentifier>
      <Extensions>h;hh;hpp;hxx;hm;inl;inc;xsd</Extensions>
    </Filter>
    <Filter Include="Resource Files">
      <UniqueIdentifier>{67DA6AB6-F800-4c08-8B7A-83BB121AAD01}</UniqueIdentifier>
      <Extensions>rc;ico;cur;bmp;dlg;rc2;rct;bin;rgs;gif;jpg;jpeg;jpe;resx;tiff;tif;png;wav;mfcribbon-ms</Extensions>
    </Filter>
  </ItemGroup>
  <ItemGroup>
    <Text Include="CMakeLists.txt" />
  </ItemGroup>
  <ItemGroup>
    <ClInclude Include="cryptoTools\Common\ArrayView.h">
      <Filter>Header Files</Filter>
    </ClInclude>
    <ClInclude Include="cryptoTools\Common\BitIterator.h">
      <Filter>Header Files</Filter>
    </ClInclude>
    <ClInclude Include="cryptoTools\Common\BitVector.h">
      <Filter>Header Files</Filter>
    </ClInclude>
    <ClInclude Include="cryptoTools\Common\ByteStream.h">
      <Filter>Header Files</Filter>
    </ClInclude>
    <ClInclude Include="cryptoTools\Common\CuckooHasher.h">
      <Filter>Header Files</Filter>
    </ClInclude>
    <ClInclude Include="cryptoTools\Common\CuckooMap.h">
      <Filter>Header Files</Filter>
    </ClInclude>
    <ClInclude Include="cryptoTools\Common\Defines.h">
      <Filter>Header Files</Filter>
    </ClInclude>
    <ClInclude Include="cryptoTools\Common\Exceptions.h">
      <Filter>Header Files</Filter>
    </ClInclude>
    <ClInclude Include="cryptoTools\Common\Log.h">
      <Filter>Header Files</Filter>
    </ClInclude>
    <ClInclude Include="cryptoTools\Common\MatrixView.h">
      <Filter>Header Files</Filter>
    </ClInclude>
    <ClInclude Include="cryptoTools\Common\mpsc_queue.h">
      <Filter>Header Files</Filter>
    </ClInclude>
    <ClInclude Include="cryptoTools\Common\Timer.h">
      <Filter>Header Files</Filter>
    </ClInclude>
    <ClInclude Include="cryptoTools\Crypto\AES.h">
      <Filter>Header Files</Filter>
    </ClInclude>
    <ClInclude Include="cryptoTools\Crypto\Commit.h">
      <Filter>Header Files</Filter>
    </ClInclude>
    <ClInclude Include="cryptoTools\Crypto\Curve.h">
      <Filter>Header Files</Filter>
    </ClInclude>
    <ClInclude Include="cryptoTools\Crypto\PRNG.h">
      <Filter>Header Files</Filter>
    </ClInclude>
    <ClInclude Include="cryptoTools\Crypto\sha1.h">
      <Filter>Header Files</Filter>
    </ClInclude>
    <ClInclude Include="cryptoTools\Network\BtAcceptor.h">
      <Filter>Header Files</Filter>
    </ClInclude>
    <ClInclude Include="cryptoTools\Network\BtChannel.h">
      <Filter>Header Files</Filter>
    </ClInclude>
    <ClInclude Include="cryptoTools\Network\BtEndpoint.h">
      <Filter>Header Files</Filter>
    </ClInclude>
    <ClInclude Include="cryptoTools\Network\BtIOService.h">
      <Filter>Header Files</Filter>
    </ClInclude>
    <ClInclude Include="cryptoTools\Network\BtSocket.h">
      <Filter>Header Files</Filter>
    </ClInclude>
    <ClInclude Include="cryptoTools\Network\Channel.h">
      <Filter>Header Files</Filter>
    </ClInclude>
    <ClInclude Include="cryptoTools\Network\Endpoint.h">
      <Filter>Header Files</Filter>
    </ClInclude>
  </ItemGroup>
  <ItemGroup>
    <ClCompile Include="cryptoTools\Common\BitIterator.cpp">
      <Filter>Source Files</Filter>
    </ClCompile>
    <ClCompile Include="cryptoTools\Common\BitVector.cpp">
      <Filter>Source Files</Filter>
    </ClCompile>
    <ClCompile Include="cryptoTools\Common\ByteStream.cpp">
      <Filter>Source Files</Filter>
    </ClCompile>
    <ClCompile Include="cryptoTools\Common\CuckooHasher.cpp">
      <Filter>Source Files</Filter>
    </ClCompile>
    <ClCompile Include="cryptoTools\Common\Defines.cpp">
      <Filter>Source Files</Filter>
    </ClCompile>
    <ClCompile Include="cryptoTools\Common\Log.cpp">
      <Filter>Source Files</Filter>
    </ClCompile>
    <ClCompile Include="cryptoTools\Common\Timer.cpp">
      <Filter>Source Files</Filter>
    </ClCompile>
    <ClCompile Include="cryptoTools\Crypto\AES.cpp">
      <Filter>Source Files</Filter>
    </ClCompile>
    <ClCompile Include="cryptoTools\Crypto\Curve.cpp">
      <Filter>Source Files</Filter>
    </ClCompile>
    <ClCompile Include="cryptoTools\Crypto\PRNG.cpp">
      <Filter>Source Files</Filter>
    </ClCompile>
    <ClCompile Include="cryptoTools\Crypto\sha1.cpp">
      <Filter>Source Files</Filter>
    </ClCompile>
    <ClCompile Include="cryptoTools\Network\BtAcceptor.cpp">
      <Filter>Source Files</Filter>
    </ClCompile>
    <ClCompile Include="cryptoTools\Network\BtChannel.cpp">
      <Filter>Source Files</Filter>
    </ClCompile>
    <ClCompile Include="cryptoTools\Network\BtEndpoint.cpp">
      <Filter>Source Files</Filter>
    </ClCompile>
    <ClCompile Include="cryptoTools\Network\BtIOService.cpp">
      <Filter>Source Files</Filter>
    </ClCompile>
    <ClCompile Include="cryptoTools\Network\Channel.cpp">
      <Filter>Source Files</Filter>
    </ClCompile>
  </ItemGroup>
  <ItemGroup>
    <CustomBuild Include="cryptoTools\Crypto\asm\sha_win64.asm">
      <Filter>Source Files</Filter>
    </CustomBuild>
  </ItemGroup>
</Project>