<?xml version="1.0" encoding="utf-8"?>
<Project ToolsVersion="4.0" xmlns="http://schemas.microsoft.com/developer/msbuild/2003">
  <ItemGroup>
    <Filter Include="Source Files">
      <UniqueIdentifier>{4FC737F1-C7A5-4376-A066-2A32D752A2FF}</UniqueIdentifier>
      <Extensions>cpp;c;cc;cxx;def;odl;idl;hpj;bat;asm;asmx</Extensions>
    </Filter>
    <Filter Include="Header Files">
      <UniqueIdentifier>{93995380-89BD-4b04-88EB-625FBE52EBFB}</UniqueIdentifier>
      <Extensions>h;hh;hpp;hxx;hm;inl;inc;xsd</Extensions>
    </Filter>
    <Filter Include="Resource Files">
      <UniqueIdentifier>{67DA6AB6-F800-4c08-8B7A-83BB121AAD01}</UniqueIdentifier>
      <Extensions>rc;ico;cur;bmp;dlg;rc2;rct;bin;rgs;gif;jpg;jpeg;jpe;resx;tiff;tif;png;wav;mfcribbon-ms</Extensions>
    </Filter>
  </ItemGroup>
  <ItemGroup>
    <Text Include="CMakeLists.txt" />
  </ItemGroup>
  <ItemGroup>
    <ClInclude Include="Common\BitIterator.h">
      <Filter>Header Files</Filter>
    </ClInclude>
    <ClInclude Include="Common\BitVector.h">
      <Filter>Header Files</Filter>
    </ClInclude>
    <ClInclude Include="Common\Defines.h">
      <Filter>Header Files</Filter>
    </ClInclude>
    <ClInclude Include="Common\Log.h">
      <Filter>Header Files</Filter>
    </ClInclude>
    <ClInclude Include="Common\MatrixView.h">
      <Filter>Header Files</Filter>
    </ClInclude>
    <ClInclude Include="Common\Timer.h">
      <Filter>Header Files</Filter>
    </ClInclude>
    <ClInclude Include="Crypto\AES.h">
      <Filter>Header Files</Filter>
    </ClInclude>
    <ClInclude Include="Crypto\Commit.h">
      <Filter>Header Files</Filter>
    </ClInclude>
    <ClInclude Include="Crypto\Curve.h">
      <Filter>Header Files</Filter>
    </ClInclude>
    <ClInclude Include="Crypto\PRNG.h">
      <Filter>Header Files</Filter>
    </ClInclude>
    <ClInclude Include="Crypto\sha1.h">
      <Filter>Header Files</Filter>
    </ClInclude>
    <ClInclude Include="Common\Finally.h">
      <Filter>Header Files</Filter>
    </ClInclude>
    <ClInclude Include="Common\Matrix.h">
      <Filter>Header Files</Filter>
    </ClInclude>
    <ClInclude Include="Network\Channel.h">
      <Filter>Header Files</Filter>
    </ClInclude>
    <ClInclude Include="Network\IOService.h">
      <Filter>Header Files</Filter>
    </ClInclude>
    <ClInclude Include="Network\IoBuffer.h">
      <Filter>Header Files</Filter>
    </ClInclude>
    <ClInclude Include="Common\CuckooIndex.h">
      <Filter>Header Files</Filter>
    </ClInclude>
    <ClInclude Include="Common\ThreadBarrier.h">
      <Filter>Header Files</Filter>
    </ClInclude>
    <ClInclude Include="Network\SocketAdapter.h">
      <Filter>Header Files</Filter>
    </ClInclude>
    <ClInclude Include="Common\CLP.h">
      <Filter>Header Files</Filter>
    </ClInclude>
    <ClInclude Include="Network\Session.h">
      <Filter>Header Files</Filter>
    </ClInclude>
    <ClInclude Include="Network\Endpoint.h">
      <Filter>Header Files</Filter>
    </ClInclude>
    <ClInclude Include="Crypto\Blake2\blake2.h">
      <Filter>Header Files</Filter>
    </ClInclude>
    <ClInclude Include="Crypto\Blake2\blake2b-load-sse2.h">
      <Filter>Header Files</Filter>
    </ClInclude>
    <ClInclude Include="Crypto\Blake2\blake2b-load-sse41.h">
      <Filter>Header Files</Filter>
    </ClInclude>
    <ClInclude Include="Crypto\Blake2\blake2b-round.h">
      <Filter>Header Files</Filter>
    </ClInclude>
    <ClInclude Include="Crypto\Blake2\blake2-config.h">
      <Filter>Header Files</Filter>
    </ClInclude>
    <ClInclude Include="Crypto\Blake2\blake2-impl.h">
      <Filter>Header Files</Filter>
    </ClInclude>
  </ItemGroup>
  <ItemGroup>
    <ClCompile Include="Common\BitVector.cpp">
      <Filter>Source Files</Filter>
    </ClCompile>
    <ClCompile Include="Common\Defines.cpp">
      <Filter>Source Files</Filter>
    </ClCompile>
    <ClCompile Include="Common\Log.cpp">
      <Filter>Source Files</Filter>
    </ClCompile>
    <ClCompile Include="Common\Timer.cpp">
      <Filter>Source Files</Filter>
    </ClCompile>
    <ClCompile Include="Crypto\AES.cpp">
      <Filter>Source Files</Filter>
    </ClCompile>
    <ClCompile Include="Crypto\Curve.cpp">
      <Filter>Source Files</Filter>
    </ClCompile>
    <ClCompile Include="Crypto\PRNG.cpp">
      <Filter>Source Files</Filter>
    </ClCompile>
    <ClCompile Include="Crypto\sha1.cpp">
      <Filter>Source Files</Filter>
    </ClCompile>
    <ClCompile Include="Network\Channel.cpp">
      <Filter>Source Files</Filter>
    </ClCompile>
    <ClCompile Include="Network\IOService.cpp">
      <Filter>Source Files</Filter>
    </ClCompile>
    <ClCompile Include="Common\CuckooIndex.cpp">
      <Filter>Source Files</Filter>
    </ClCompile>
    <ClCompile Include="Network\SocketAdapter.cpp">
      <Filter>Source Files</Filter>
    </ClCompile>
    <ClCompile Include="Common\CLP.cpp">
      <Filter>Source Files</Filter>
    </ClCompile>
    <ClCompile Include="Network\Session.cpp">
      <Filter>Source Files</Filter>
    </ClCompile>
  </ItemGroup>
  <ItemGroup>
    <CustomBuild Include="Crypto\asm\sha_win64.asm">
      <Filter>Source Files</Filter>
    </CustomBuild>
  </ItemGroup>
  <ItemGroup>
    <None Include="Network\gsl\span" />
    <None Include="cryptoToolsconfig.cmake" />
  </ItemGroup>
  <ItemGroup>
    <Natvis Include="gsl\GSL.natvis" />
  </ItemGroup>
</Project>